
Microsoft Visual Studio Solution File, Format Version 12.00
# Visual Studio Version 17
VisualStudioVersion = 17.5.002.0
MinimumVisualStudioVersion = 10.0.40219.1
Project("{9A19103F-16F7-4668-BE54-9A1E7A4F7556}") = "yapms", "yapms.csproj", "{3C802DF3-0AAE-4062-BF26-3FBA707C32A7}"
EndProject
Global
	GlobalSection(SolutionConfigurationPlatforms) = preSolution
		Debug|Any CPU = Debug|Any CPU
		Release|Any CPU = Release|Any CPU
	EndGlobalSection
	GlobalSection(ProjectConfigurationPlatforms) = postSolution
		{3C802DF3-0AAE-4062-BF26-3FBA707C32A7}.Debug|Any CPU.ActiveCfg = Debug|Any CPU
		{3C802DF3-0AAE-4062-BF26-3FBA707C32A7}.Debug|Any CPU.Build.0 = Debug|Any CPU
		{3C802DF3-0AAE-4062-BF26-3FBA707C32A7}.Release|Any CPU.ActiveCfg = Release|Any CPU
		{3C802DF3-0AAE-4062-BF26-3FBA707C32A7}.Release|Any CPU.Build.0 = Release|Any CPU
	EndGlobalSection
	GlobalSection(SolutionProperties) = preSolution
		HideSolutionNode = FALSE
	EndGlobalSection
	GlobalSection(ExtensibilityGlobals) = postSolution
		SolutionGuid = {F74DEE44-461F-409F-BD8F-4DA69E95DDFB}
	EndGlobalSection
EndGlobal
